
Microsoft Visual Studio Solution File, Format Version 12.00
# Visual Studio Version 17
VisualStudioVersion = 17.9.34723.18
MinimumVisualStudioVersion = 10.0.40219.1
Project("{FAE04EC0-301F-11D3-BF4B-00C04F79EFBC}") = "Ex1", "Ex1\Ex1.csproj", "{3CECB5EE-6C58-4034-A441-9DAB62831317}"
EndProject
Project("{2150E333-8FDC-42A3-9474-1A3956D46DE8}") = "addin", "addin", "{D8B47AA4-F019-4A96-8367-CFBA2BEBFEFB}"
	ProjectSection(SolutionItems) = preProject
		Ex1.addin = Ex1.addin
	EndProjectSection
EndProject
Global
	GlobalSection(SolutionConfigurationPlatforms) = preSolution
		Debug|Any CPU = Debug|Any CPU
		Debug|x64 = Debug|x64
		Release|Any CPU = Release|Any CPU
		Release|x64 = Release|x64
	EndGlobalSection
	GlobalSection(ProjectConfigurationPlatforms) = postSolution
		{3CECB5EE-6C58-4034-A441-9DAB62831317}.Debug|Any CPU.ActiveCfg = Debug|Any CPU
		{3CECB5EE-6C58-4034-A441-9DAB62831317}.Debug|Any CPU.Build.0 = Debug|Any CPU
		{3CECB5EE-6C58-4034-A441-9DAB62831317}.Debug|x64.ActiveCfg = Debug|x64
		{3CECB5EE-6C58-4034-A441-9DAB62831317}.Debug|x64.Build.0 = Debug|x64
		{3CECB5EE-6C58-4034-A441-9DAB62831317}.Release|Any CPU.ActiveCfg = Release|Any CPU
		{3CECB5EE-6C58-4034-A441-9DAB62831317}.Release|Any CPU.Build.0 = Release|Any CPU
		{3CECB5EE-6C58-4034-A441-9DAB62831317}.Release|x64.ActiveCfg = Release|x64
		{3CECB5EE-6C58-4034-A441-9DAB62831317}.Release|x64.Build.0 = Release|x64
	EndGlobalSection
	GlobalSection(SolutionProperties) = preSolution
		HideSolutionNode = FALSE
	EndGlobalSection
	GlobalSection(ExtensibilityGlobals) = postSolution
		SolutionGuid = {DFBAD03E-224D-4F68-9CD5-F3A1577F7AFB}
	EndGlobalSection
EndGlobal
